Microsoft Visual Studio Solution File, Format Version 12.00
# Visual Studio Version 17
VisualStudioVersion = 17.0.31903.59
MinimumVisualStudioVersion = 10.0.40219.1
Project("{9A19103F-16F7-4668-BE54-9A1E7A4F7556}") = "Charter.Core", "src\Charter.Core\Charter.Core.csproj", "{1A2B3C4D-5E6F-4A7B-8C9D-0E1F2A3B4C5D}"
EndProject
Project("{9A19103F-16F7-4668-BE54-9A1E7A4F7556}") = "Charter.Cli", "src\Charter.Cli\Charter.Cli.csproj", "{2B3C4D5E-6F70-4B8C-9DAE-1F2A3B4C5D6E}"
EndProject
Project("{9A19103F-16F7-4668-BE54-9A1E7A4F7556}") = "Charter.Core.Tests", "tests\Charter.Core.Tests\Charter.Core.Tests.csproj", "{3C4D5E6F-7081-4C9D-AEBF-2A3B4C5D6E7F}"
EndProject
Global
	GlobalSection(SolutionConfigurationPlatforms) = preSolution
		Debug|Any CPU = Debug|Any CPU
		Release|Any CPU = Release|Any CPU
	EndGlobalSection
	GlobalSection(ProjectConfigurationPlatforms) = postSolution
		{1A2B3C4D-5E6F-4A7B-8C9D-0E1F2A3B4C5D}.Debug|Any CPU.ActiveCfg = Debug|Any CPU
		{1A2B3C4D-5E6F-4A7B-8C9D-0E1F2A3B4C5D}.Debug|Any CPU.Build.0 = Debug|Any CPU
		{1A2B3C4D-5E6F-4A7B-8C9D-0E1F2A3B4C5D}.Release|Any CPU.ActiveCfg = Release|Any CPU
		{1A2B3C4D-5E6F-4A7B-8C9D-0E1F2A3B4C5D}.Release|Any CPU.Build.0 = Release|Any CPU
		{2B3C4D5E-6F70-4B8C-9DAE-1F2A3B4C5D6E}.Debug|Any CPU.ActiveCfg = Debug|Any CPU
		{2B3C4D5E-6F70-4B8C-9DAE-1F2A3B4C5D6E}.Debug|Any CPU.Build.0 = Debug|Any CPU
		{2B3C4D5E-6F70-4B8C-9DAE-1F2A3B4C5D6E}.Release|Any CPU.ActiveCfg = Release|Any CPU
		{2B3C4D5E-6F70-4B8C-9DAE-1F2A3B4C5D6E}.Release|Any CPU.Build.0 = Release|Any CPU
		{3C4D5E6F-7081-4C9D-AEBF-2A3B4C5D6E7F}.Debug|Any CPU.ActiveCfg = Debug|Any CPU
		{3C4D5E6F-7081-4C9D-AEBF-2A3B4C5D6E7F}.Debug|Any CPU.Build.0 = Debug|Any CPU
		{3C4D5E6F-7081-4C9D-AEBF-2A3B4C5D6E7F}.Release|Any CPU.ActiveCfg = Release|Any CPU
		{3C4D5E6F-7081-4C9D-AEBF-2A3B4C5D6E7F}.Release|Any CPU.Build.0 = Release|Any CPU
	EndGlobalSection
	GlobalSection(SolutionProperties) = preSolution
		HideSolutionNode = FALSE
	EndGlobalSection
	GlobalSection(ExtensibilityGlobals) = postSolution
		SolutionGuid = {0F1E2D3C-4B5A-6978-8796-A5B4C3D2E1F0}
	EndGlobalSection
EndGlobal
